
Microsoft Visual Studio Solution File, Format Version 12.00
# Visual Studio Version 17
VisualStudioVersion = 17.0.32002.185
MinimumVisualStudioVersion = 10.0.40219.1
Project("{FAE04EC0-301F-11D3-BF4B-00C04F79EFBC}") = "Image_Extractor", "Image_Extractor\Image_Extractor.csproj", "{8B189DEB-3CD1-4FAA-905B-ED3E196FB801}"
EndProject
Global
	GlobalSection(SolutionConfigurationPlatforms) = preSolution
		Debug|Any CPU = Debug|Any CPU
		Release|Any CPU = Release|Any CPU
	EndGlobalSection
	GlobalSection(ProjectConfigurationPlatforms) = postSolution
		{8B189DEB-3CD1-4FAA-905B-ED3E196FB801}.Debug|Any CPU.ActiveCfg = Debug|Any CPU
		{8B189DEB-3CD1-4FAA-905B-ED3E196FB801}.Debug|Any CPU.Build.0 = Debug|Any CPU
		{8B189DEB-3CD1-4FAA-905B-ED3E196FB801}.Release|Any CPU.ActiveCfg = Release|Any CPU
		{8B189DEB-3CD1-4FAA-905B-ED3E196FB801}.Release|Any CPU.Build.0 = Release|Any CPU
	EndGlobalSection
	GlobalSection(SolutionProperties) = preSolution
		HideSolutionNode = FALSE
	EndGlobalSection
	GlobalSection(ExtensibilityGlobals) = postSolution
		SolutionGuid = {1EF6ABFB-6C6E-4BBB-AC2B-35FE1F9ADD15}
	EndGlobalSection
EndGlobal
